
Microsoft Visual Studio Solution File, Format Version 12.00
# Visual Studio Version 17
VisualStudioVersion = 17.6.33723.286
MinimumVisualStudioVersion = 10.0.40219.1
Project("{9A19103F-16F7-4668-BE54-9A1E7A4F7556}") = "SitnEatV2", "SitnEatV2\SitnEatV2.csproj", "{B7C01FD6-400C-4018-AE51-F3AF99B0A890}"
EndProject
Project("{FAE04EC0-301F-11D3-BF4B-00C04F79EFBC}") = "EmailService", "EmailService\EmailService.csproj", "{DE7DDBAE-5624-4CEE-BA63-49BCE58EDA4D}"
EndProject
Global
	GlobalSection(SolutionConfigurationPlatforms) = preSolution
		Debug|Any CPU = Debug|Any CPU
		Release|Any CPU = Release|Any CPU
	EndGlobalSection
	GlobalSection(ProjectConfigurationPlatforms) = postSolution
		{B7C01FD6-400C-4018-AE51-F3AF99B0A890}.Debug|Any CPU.ActiveCfg = Debug|Any CPU
		{B7C01FD6-400C-4018-AE51-F3AF99B0A890}.Debug|Any CPU.Build.0 = Debug|Any CPU
		{B7C01FD6-400C-4018-AE51-F3AF99B0A890}.Release|Any CPU.ActiveCfg = Release|Any CPU
		{B7C01FD6-400C-4018-AE51-F3AF99B0A890}.Release|Any CPU.Build.0 = Release|Any CPU
		{DE7DDBAE-5624-4CEE-BA63-49BCE58EDA4D}.Debug|Any CPU.ActiveCfg = Debug|Any CPU
		{DE7DDBAE-5624-4CEE-BA63-49BCE58EDA4D}.Debug|Any CPU.Build.0 = Debug|Any CPU
		{DE7DDBAE-5624-4CEE-BA63-49BCE58EDA4D}.Release|Any CPU.ActiveCfg = Release|Any CPU
		{DE7DDBAE-5624-4CEE-BA63-49BCE58EDA4D}.Release|Any CPU.Build.0 = Release|Any CPU
	EndGlobalSection
	GlobalSection(SolutionProperties) = preSolution
		HideSolutionNode = FALSE
	EndGlobalSection
	GlobalSection(ExtensibilityGlobals) = postSolution
		SolutionGuid = {4CFB5E12-6C87-4DDC-976E-0BAEC62E9F8B}
	EndGlobalSection
EndGlobal
